
Microsoft Visual Studio Solution File, Format Version 12.00
# Visual Studio Version 16
VisualStudioVersion = 16.0.31624.102
MinimumVisualStudioVersion = 10.0.40219.1
Project("{FAE04EC0-301F-11D3-BF4B-00C04F79EFBC}") = "WebAPIConsuminginSameExercise", "WebAPIConsuminginSameExercise\WebAPIConsuminginSameExercise.csproj", "{0C0F4FC0-3C28-479D-A833-0DE321A7400E}"
EndProject
Global
	GlobalSection(SolutionConfigurationPlatforms) = preSolution
		Debug|Any CPU = Debug|Any CPU
		Release|Any CPU = Release|Any CPU
	EndGlobalSection
	GlobalSection(ProjectConfigurationPlatforms) = postSolution
		{0C0F4FC0-3C28-479D-A833-0DE321A7400E}.Debug|Any CPU.ActiveCfg = Debug|Any CPU
		{0C0F4FC0-3C28-479D-A833-0DE321A7400E}.Debug|Any CPU.Build.0 = Debug|Any CPU
		{0C0F4FC0-3C28-479D-A833-0DE321A7400E}.Release|Any CPU.ActiveCfg = Release|Any CPU
		{0C0F4FC0-3C28-479D-A833-0DE321A7400E}.Release|Any CPU.Build.0 = Release|Any CPU
	EndGlobalSection
	GlobalSection(SolutionProperties) = preSolution
		HideSolutionNode = FALSE
	EndGlobalSection
	GlobalSection(ExtensibilityGlobals) = postSolution
		SolutionGuid = {EB5A0295-B619-4CB1-B47B-E90EEB06AA4C}
	EndGlobalSection
EndGlobal
